
Microsoft Visual Studio Solution File, Format Version 12.00
# Visual Studio Version 17
VisualStudioVersion = 17.9.34728.123
MinimumVisualStudioVersion = 10.0.40219.1
Project("{FAE04EC0-301F-11D3-BF4B-00C04F79EFBC}") = "ShopMVC", "ShopMVC\ShopMVC.csproj", "{FC8BCD5B-DB15-4C3A-A112-985E6C8BA7F1}"
EndProject
Global
	GlobalSection(SolutionConfigurationPlatforms) = preSolution
		Debug|Any CPU = Debug|Any CPU
		Release|Any CPU = Release|Any CPU
	EndGlobalSection
	GlobalSection(ProjectConfigurationPlatforms) = postSolution
		{FC8BCD5B-DB15-4C3A-A112-985E6C8BA7F1}.Debug|Any CPU.ActiveCfg = Debug|Any CPU
		{FC8BCD5B-DB15-4C3A-A112-985E6C8BA7F1}.Debug|Any CPU.Build.0 = Debug|Any CPU
		{FC8BCD5B-DB15-4C3A-A112-985E6C8BA7F1}.Release|Any CPU.ActiveCfg = Release|Any CPU
		{FC8BCD5B-DB15-4C3A-A112-985E6C8BA7F1}.Release|Any CPU.Build.0 = Release|Any CPU
	EndGlobalSection
	GlobalSection(SolutionProperties) = preSolution
		HideSolutionNode = FALSE
	EndGlobalSection
	GlobalSection(ExtensibilityGlobals) = postSolution
		SolutionGuid = {7DED8420-7CD5-4815-AC6B-29AE8215A443}
	EndGlobalSection
EndGlobal
